
Microsoft Visual Studio Solution File, Format Version 12.00
# Visual Studio Version 16
VisualStudioVersion = 16.0.31729.503
MinimumVisualStudioVersion = 10.0.40219.1
Project("{FAE04EC0-301F-11D3-BF4B-00C04F79EFBC}") = "day15 binary search tree", "day15 binary search tree\day15 binary search tree.csproj", "{0D0C1559-84E6-4709-906E-000D02FABC54}"
EndProject
Global
	GlobalSection(SolutionConfigurationPlatforms) = preSolution
		Debug|Any CPU = Debug|Any CPU
		Release|Any CPU = Release|Any CPU
	EndGlobalSection
	GlobalSection(ProjectConfigurationPlatforms) = postSolution
		{0D0C1559-84E6-4709-906E-000D02FABC54}.Debug|Any CPU.ActiveCfg = Debug|Any CPU
		{0D0C1559-84E6-4709-906E-000D02FABC54}.Debug|Any CPU.Build.0 = Debug|Any CPU
		{0D0C1559-84E6-4709-906E-000D02FABC54}.Release|Any CPU.ActiveCfg = Release|Any CPU
		{0D0C1559-84E6-4709-906E-000D02FABC54}.Release|Any CPU.Build.0 = Release|Any CPU
	EndGlobalSection
	GlobalSection(SolutionProperties) = preSolution
		HideSolutionNode = FALSE
	EndGlobalSection
	GlobalSection(ExtensibilityGlobals) = postSolution
		SolutionGuid = {990C46AB-3D67-4A2F-8D5B-491001B048A9}
	EndGlobalSection
EndGlobal
